{
    "_meta": {
        "hash": {
            "sha256": "978352a5a4386932ac2a9e2f9ac3d0c5d8db00bc127df829080ed91ca2fe179b"
        },
        "pipfile-spec": 6,
        "requires": {
            "python_version": "3.10"
        },
        "sources": [
            {
                "name": "pypi",
                "url": "https://pypi.org/simple",
                "verify_ssl": true
            }
        ]
    },
    "default": {
        "cabby": {
            "hashes": [
                "sha256:0897ba02b39d85b8a3baedb1d9f74c5de56940e5d28ea6d1de59c527a2e0fb9e",
                "sha256:93660e4b71495416864f69c4e7c7410deb00a6af4f7241dfb4bb754a5e7e02f5"
            ],
            "index": "pypi",
            "version": "==0.1.23"
        },
        "certifi": {
            "hashes": [
                "sha256:84c85a9078b11105f04f3036a9482ae10e4621616db313fe045dd24743a0820d",
                "sha256:fe86415d55e84719d75f8b69414f6438ac3547d2078ab91b67e779ef69378412"
            ],
            "markers": "python_version >= '3.6'",
            "version": "==2022.6.15"
        },
        "charset-normalizer": {
            "hashes": [
                "sha256:5189b6f22b01957427f35b6a08d9a0bc45b46d3788ef5a92e978433c7a35f8a5",
                "sha256:575e708016ff3a5e3681541cb9d79312c416835686d054a23accb873b254f413"
            ],
            "markers": "python_version >= '3.6'",
            "version": "==2.1.0"
        },
        "click": {
            "hashes": [
                "sha256:7682dc8afb30297001674575ea00d1814d808d6a36af415a82bd481d37ba7b8e",
                "sha256:bb4d8133cb15a609f44e8213d9b391b0809795062913b383c62be0ee95b1db48"
            ],
            "markers": "python_version >= '3.7'",
            "version": "==8.1.3"
        },
        "colorlog": {
            "hashes": [
                "sha256:344f73204009e4c83c5b6beb00b3c45dc70fcdae3c80db919e0a4171d006fde8",
                "sha256:351c51e866c86c3217f08e4b067a7974a678be78f07f85fc2d55b8babde6d94e"
            ],
            "markers": "python_version >= '3.6'",
            "version": "==6.6.0"
        },
        "cybox": {
            "hashes": [
                "sha256:19a588bcdce8f3a088f7d5edd3e8862c11b701bb3d64257b18f3092deb9c3b7a",
                "sha256:8b12110180aceed0f85f8d6c1860a32a679c261f097d909384a81b3b73ff9716"
            ],
            "index": "pypi",
            "version": "==2.1.0.21"
        },
        "flask": {
            "hashes": [
                "sha256:642c450d19c4ad482f96729bd2a8f6d32554aa1e231f4f6b4e7e5264b16cca2b",
                "sha256:b9c46cc36662a7949f34b52d8ec7bb59c0d74ba08ba6cb9ce9adc1d8676d9526"
            ],
            "index": "pypi",
            "version": "==2.2.2"
        },
        "furl": {
            "hashes": [
                "sha256:5a6188fe2666c484a12159c18be97a1977a71d632ef5bb867ef15f54af39cc4e",
                "sha256:9ab425062c4217f9802508e45feb4a83e54324273ac4b202f1850363309666c0"
            ],
            "version": "==2.1.3"
        },
        "gevent": {
            "hashes": [
                "sha256:013150cc0f00f0a06dd898463ad9ebc43bd9c70c7fe35555c77d83fe6f758225",
                "sha256:0814a5a7084e0bd357392e44e2a8bd72fc56fbdc3da0ff492ebb310c10fc95e6",
                "sha256:103097b39764a0a02f1a051225ea6b4c64a53dd37603424ca8a1e09be63a460b",
                "sha256:16bf432b274795b360d88b38cbffe0a6410450c94bfa172548bf1f512cf448c2",
                "sha256:1a5012b7d047b16470063f0b8d003530e77362809f38cd7e601efb625c7ca71e",
                "sha256:22bc6efb0f9fbb1c2e005ef1b94374568945c711bfb92f85916f66a819a5e6d0",
                "sha256:377c02d0ddae3ebf843d6f453943602102bb186b09f1c78a2247e5dbf0e07b1c",
                "sha256:421cfeacae2555b11318c6ee11f34bc0a9517657068d8911c916d55a85362ce2",
                "sha256:44174aa4dae4db158e6f11a4ea696f1991d43ccc1634aa0c189daf03a9ced5d7",
                "sha256:44dd79cfefea24f9bb630844a25047c3807e02722436e826ef2aed3d646190c1",
                "sha256:4e3fbaf484ee68437f0ec589bdb1dd6f1dccc01fd6b72eac707e858b407521fa",
                "sha256:4f0e6c49aac1c182be15a43d94e3b58c253d830c5b54dc93d6130e6987278611",
                "sha256:539af6b66c6b9faca2cdd903f0a7564c85053f1faf95e9a37702df578ac37085",
                "sha256:562b66d8b061b9cfae1bc704b0cd5d2b255628d86c3639ddc16e4ffa3ebf6e7a",
                "sha256:5bb80c88f572a11156f258333c0e7b1f80d0746a03784600017901a2f1aa584a",
                "sha256:5d1db7bc758455e6f6406d66e8b276b80dda5645877392a100d1ed7dda6aa7ad",
                "sha256:618c4869e8140fd955b4620b10bc5a92ef1d62ae20aef38c1af7d892ee1bd996",
                "sha256:6a93f249a40bda8c42cbeefff9582b22bb1dd769da56b4cbb824038366c4202c",
                "sha256:6b9da562d7d7707d5561ecf4a27a361fd9f4856f39b8491a0753c89d8f39674c",
                "sha256:73b65ee9a73a35fb68d96899895162beef19d86c1bcbe6f8f92eb0bd18c1d891",
                "sha256:7b5f10ac866d3432a829a3a4446489be1fa3648f3140f9373fe99440a2e05682",
                "sha256:81b4915081d148a31b64ad0314d2f609920b8ae6a24d9a7e4ddaab7c1fe998e7",
                "sha256:90f9bc542f76efc56e5e76b420abaff42baf585db48a9fc0ac8edd6a16d9e60f",
                "sha256:96e7bab9de56e0aca3858b8bc9c71f4eb0c0e12b7cf3cbfd170b62ce68cf71d7",
                "sha256:975699ac5701d7ec1c633f2067deecea8711dc2a8683530aed260dd641274791",
                "sha256:9f74faefea1acb398f057ed31ee9333e100bdae978b1e4c3b6a27d05df66e588",
                "sha256:a11db551555c58606ed3dfe359a9a502e44350ed3ecbd59cbe7b0093bd020418",
                "sha256:a6a04df4732bb7fdf9969ddee9a16a829e7971692fefdcb5baca760976d23e04",
                "sha256:a72a7cb67764adafbac7ddeeffe539a738309068e2b2ac89cbd2f498383ce537",
                "sha256:aabffb8b86fb95cb1ee5dffa315c9bd68fe20a7fe7260c0328679723b0257b7c",
                "sha256:bc181db59d53e407650ebf44e63ff429c7bc25f9c346edddce1bdff1af436617",
                "sha256:dd9c966e5fd8d7b0a54a130c5ad38ef581fd93ff4c44b6e73767519860da6ebe",
                "sha256:ec800c25f09a7e031f2fbc3b17b4a4a0b54085c7532ac51b4c7ecef6d3ff8fc3",
                "sha256:f0d6cfff74be4efcafecd374e094a8fed9e0d68efe90109d374ef5d8f18aa21a",
                "sha256:f57b7a02e83d6e4a205cace6dd63e16b61a641a1da9366d9ec4f2b849430700f",
                "sha256:fa190663f964583c8dbbab06bc863966e6f7eceaac8aa67c3ac0fae0a0a73b80",
                "sha256:fa4cba4a8acbb71dd4215be8517879e4217c0746f7af2637330e7269694f53f2",
                "sha256:fd9b670da1b7160e660cbba7f52e206892b97f61d8ff1872ce99dfaa9b475420"
            ],
            "index": "pypi",
            "markers": "python_version >= '3.9'",
            "version": "==24.10.2"
        },
        "greenlet": {
            "hashes": [
                "sha256:0153404a4bb921f0ff1abeb5ce8a5131da56b953eda6e14b88dc6bbc04d2049e",
                "sha256:03a088b9de532cbfe2ba2034b2b85e82df37874681e8c470d6fb2f8c04d7e4b7",
                "sha256:04b013dc07c96f83134b1e99888e7a79979f1a247e2a9f59697fa14b5862ed01",
                "sha256:05175c27cb459dcfc05d026c4232f9de8913ed006d42713cb8a5137bd49375f1",
                "sha256:09fc016b73c94e98e29af67ab7b9a879c307c6731a2c9da0db5a7d9b7edd1159",
                "sha256:0bbae94a29c9e5c7e4a2b7f0aae5c17e8e90acbfd3bf6270eeba60c39fce3563",
                "sha256:0fde093fb93f35ca72a556cf72c92ea3ebfda3d79fc35bb19fbe685853869a83",
                "sha256:1443279c19fca463fc33e65ef2a935a5b09bb90f978beab37729e1c3c6c25fe9",
                "sha256:1776fd7f989fc6b8d8c8cb8da1f6b82c5814957264d1f6cf818d475ec2bf6395",
                "sha256:1d3755bcb2e02de341c55b4fca7a745a24a9e7212ac953f6b3a48d117d7257aa",
                "sha256:23f20bb60ae298d7d8656c6ec6db134bca379ecefadb0b19ce6f19d1f232a942",
                "sha256:275f72decf9932639c1c6dd1013a1bc266438eb32710016a1c742df5da6e60a1",
                "sha256:2846930c65b47d70b9d178e89c7e1a69c95c1f68ea5aa0a58646b7a96df12441",
                "sha256:3319aa75e0e0639bc15ff54ca327e8dc7a6fe404003496e3c6925cd3142e0e22",
                "sha256:346bed03fe47414091be4ad44786d1bd8bef0c3fcad6ed3dee074a032ab408a9",
                "sha256:36b89d13c49216cadb828db8dfa6ce86bbbc476a82d3a6c397f0efae0525bdd0",
                "sha256:37b9de5a96111fc15418819ab4c4432e4f3c2ede61e660b1e33971eba26ef9ba",
                "sha256:396979749bd95f018296af156201d6211240e7a23090f50a8d5d18c370084dc3",
                "sha256:3b2813dc3de8c1ee3f924e4d4227999285fd335d1bcc0d2be6dc3f1f6a318ec1",
                "sha256:411f015496fec93c1c8cd4e5238da364e1da7a124bcb293f085bf2860c32c6f6",
                "sha256:47da355d8687fd65240c364c90a31569a133b7b60de111c255ef5b606f2ae291",
                "sha256:48ca08c771c268a768087b408658e216133aecd835c0ded47ce955381105ba39",
                "sha256:4afe7ea89de619adc868e087b4d2359282058479d7cfb94970adf4b55284574d",
                "sha256:4ce3ac6cdb6adf7946475d7ef31777c26d94bccc377e070a7986bd2d5c515467",
                "sha256:4ead44c85f8ab905852d3de8d86f6f8baf77109f9da589cb4fa142bd3b57b475",
                "sha256:54558ea205654b50c438029505def3834e80f0869a70fb15b871c29b4575ddef",
                "sha256:5e06afd14cbaf9e00899fae69b24a32f2196c19de08fcb9f4779dd4f004e5e7c",
                "sha256:62ee94988d6b4722ce0028644418d93a52429e977d742ca2ccbe1c4f4a792511",
                "sha256:63e4844797b975b9af3a3fb8f7866ff08775f5426925e1e0bbcfe7932059a12c",
                "sha256:6510bf84a6b643dabba74d3049ead221257603a253d0a9873f55f6a59a65f822",
                "sha256:667a9706c970cb552ede35aee17339a18e8f2a87a51fba2ed39ceeeb1004798a",
                "sha256:6ef9ea3f137e5711f0dbe5f9263e8c009b7069d8a1acea822bd5e9dae0ae49c8",
                "sha256:7017b2be767b9d43cc31416aba48aab0d2309ee31b4dbf10a1d38fb7972bdf9d",
                "sha256:7124e16b4c55d417577c2077be379514321916d5790fa287c9ed6f23bd2ffd01",
                "sha256:73aaad12ac0ff500f62cebed98d8789198ea0e6f233421059fa68a5aa7220145",
                "sha256:77c386de38a60d1dfb8e55b8c1101d68c79dfdd25c7095d51fec2dd800892b80",
                "sha256:7876452af029456b3f3549b696bb36a06db7c90747740c5302f74a9e9fa14b13",
                "sha256:7939aa3ca7d2a1593596e7ac6d59391ff30281ef280d8632fa03d81f7c5f955e",
                "sha256:8320f64b777d00dd7ccdade271eaf0cad6636343293a25074cc5566160e4de7b",
                "sha256:85f3ff71e2e60bd4b4932a043fbbe0f499e263c628390b285cb599154a3b03b1",
                "sha256:8b8b36671f10ba80e159378df9c4f15c14098c4fd73a36b9ad715f057272fbef",
                "sha256:93147c513fac16385d1036b7e5b102c7fbbdb163d556b791f0f11eada7ba65dc",
                "sha256:935e943ec47c4afab8965954bf49bfa639c05d4ccf9ef6e924188f762145c0ff",
                "sha256:94b6150a85e1b33b40b1464a3f9988dcc5251d6ed06842abff82e42632fac120",
                "sha256:94ebba31df2aa506d7b14866fed00ac141a867e63143fe5bca82a8e503b36437",
                "sha256:95ffcf719966dd7c453f908e208e14cde192e09fde6c7186c8f1896ef778d8cd",
                "sha256:98884ecf2ffb7d7fe6bd517e8eb99d31ff7855a840fa6d0d63cd07c037f6a981",
                "sha256:99cfaa2110534e2cf3ba31a7abcac9d328d1d9f1b95beede58294a60348fba36",
                "sha256:9e8f8c9cb53cdac7ba9793c276acd90168f416b9ce36799b9b885790f8ad6c0a",
                "sha256:a0dfc6c143b519113354e780a50381508139b07d2177cb6ad6a08278ec655798",
                "sha256:b2795058c23988728eec1f36a4e5e4ebad22f8320c85f3587b539b9ac84128d7",
                "sha256:b42703b1cf69f2aa1df7d1030b9d77d3e584a70755674d60e710f0af570f3761",
                "sha256:b7cede291382a78f7bb5f04a529cb18e068dd29e0fb27376074b6d0317bf4dd0",
                "sha256:b8a678974d1f3aa55f6cc34dc480169d58f2e6d8958895d68845fa4ab566509e",
                "sha256:b8da394b34370874b4572676f36acabac172602abf054cbc4ac910219f3340af",
                "sha256:c3a701fe5a9695b238503ce5bbe8218e03c3bcccf7e204e455e7462d770268aa",
                "sha256:c4aab7f6381f38a4b42f269057aee279ab0fc7bf2e929e3d4abfae97b682a12c",
                "sha256:ca9d0ff5ad43e785350894d97e13633a66e2b50000e8a183a50a88d834752d42",
                "sha256:d0028e725ee18175c6e422797c407874da24381ce0690d6b9396c204c7f7276e",
                "sha256:d21e10da6ec19b457b82636209cbe2331ff4306b54d06fa04b7c138ba18c8a81",
                "sha256:d5e975ca70269d66d17dd995dafc06f1b06e8cb1ec1e9ed54c1d1e4a7c4cf26e",
                "sha256:da7a9bff22ce038e19bf62c4dd1ec8391062878710ded0a845bcf47cc0200617",
                "sha256:db32b5348615a04b82240cc67983cb315309e88d444a288934ee6ceaebcad6cc",
                "sha256:dcc62f31eae24de7f8dce72134c8651c58000d3b1868e01392baea7c32c247de",
                "sha256:dfc59d69fc48664bc693842bd57acfdd490acafda1ab52c7836e3fc75c90a111",
                "sha256:e347b3bfcf985a05e8c0b7d462ba6f15b1ee1c909e2dcad795e49e91b152c383",
                "sha256:e4d333e558953648ca09d64f13e6d8f0523fa705f51cae3f03b5983489958c70",
                "sha256:ed10eac5830befbdd0c32f83e8aa6288361597550ba669b04c48f0f9a2c843c6",
                "sha256:efc0f674aa41b92da8c49e0346318c6075d734994c3c4e4430b1c3f853e498e4",
                "sha256:f1695e76146579f8c06c1509c7ce4dfe0706f49c6831a817ac04eebb2fd02011",
                "sha256:f1d4aeb8891338e60d1ab6127af1fe45def5259def8094b9c7e34690c8858803",
                "sha256:f406b22b7c9a9b4f8aa9d2ab13d6ae0ac3e85c9a809bd590ad53fed2bf70dc79",
                "sha256:f6ff3b14f2df4c41660a7dec01045a045653998784bf8cfcb5a525bdffffbc8f"
            ],
            "markers": "platform_python_implementation == 'CPython'",
            "version": "==3.1.1"
        },
        "idna": {
            "hashes": [
                "sha256:84d9dd047ffa80596e0f246e2eab0b391788b0503584e8945f2368256d2735ff",
                "sha256:9d643ff0a55b762d5cdb124b8eaa99c66322e2157b69160bc32796e824360e6d"
            ],
            "markers": "python_version >= '3.5'",
            "version": "==3.3"
        },
        "itsdangerous": {
            "hashes": [
                "sha256:2c2349112351b88699d8d4b6b075022c0808887cb7ad10069318a8b0bc88db44",
                "sha256:5dbbc68b317e5e42f327f9021763545dc3fc3bfe22e6deb96aaf1fc38874156a"
            ],
            "markers": "python_version >= '3.7'",
            "version": "==2.1.2"
        },
        "jinja2": {
            "hashes": [
                "sha256:31351a702a408a9e7595a8fc6150fc3f43bb6bf7e319770cbc0db9df9437e852",
                "sha256:6088930bfe239f0e6710546ab9c19c9ef35e29792895fed6e6e31a023a182a61"
            ],
            "markers": "python_version >= '3.7'",
            "version": "==3.1.2"
        },
        "libtaxii": {
            "hashes": [
                "sha256:2ab065e4510b5ab3ad378cf845156a3ce9c362a873ba731726eca2d9b52f48b7",
                "sha256:7191b3a8db1f8eb379a640ca1e771d62f0a66d97496ddb347636506964b9e2e2"
            ],
            "index": "pypi",
            "version": "==1.1.119"
        },
        "lxml": {
            "hashes": [
                "sha256:04da965dfebb5dac2619cb90fcf93efdb35b3c6994fea58a157a834f2f94b318",
                "sha256:0538747a9d7827ce3e16a8fdd201a99e661c7dee3c96c885d8ecba3c35d1032c",
                "sha256:0645e934e940107e2fdbe7c5b6fb8ec6232444260752598bc4d09511bd056c0b",
                "sha256:079b68f197c796e42aa80b1f739f058dcee796dc725cc9a1be0cdb08fc45b000",
                "sha256:0f3f0059891d3254c7b5fb935330d6db38d6519ecd238ca4fce93c234b4a0f73",
                "sha256:10d2017f9150248563bb579cd0d07c61c58da85c922b780060dcc9a3aa9f432d",
                "sha256:1355755b62c28950f9ce123c7a41460ed9743c699905cbe664a5bcc5c9c7c7fb",
                "sha256:13c90064b224e10c14dcdf8086688d3f0e612db53766e7478d7754703295c7c8",
                "sha256:1423631e3d51008871299525b541413c9b6c6423593e89f9c4cfbe8460afc0a2",
                "sha256:1436cf0063bba7888e43f1ba8d58824f085410ea2025befe81150aceb123e345",
                "sha256:1a7c59c6ffd6ef5db362b798f350e24ab2cfa5700d53ac6681918f314a4d3b94",
                "sha256:1e1cf47774373777936c5aabad489fef7b1c087dcd1f426b621fda9dcc12994e",
                "sha256:206a51077773c6c5d2ce1991327cda719063a47adc02bd703c56a662cdb6c58b",
                "sha256:21fb3d24ab430fc538a96e9fbb9b150029914805d551deeac7d7822f64631dfc",
                "sha256:27e590352c76156f50f538dbcebd1925317a0f70540f7dc8c97d2931c595783a",
                "sha256:287605bede6bd36e930577c5925fcea17cb30453d96a7b4c63c14a257118dbb9",
                "sha256:2aaf6a0a6465d39b5ca69688fce82d20088c1838534982996ec46633dc7ad6cc",
                "sha256:32a73c53783becdb7eaf75a2a1525ea8e49379fb7248c3eeefb9412123536387",
                "sha256:41fb58868b816c202e8881fd0f179a4644ce6e7cbbb248ef0283a34b73ec73bb",
                "sha256:4780677767dd52b99f0af1f123bc2c22873d30b474aa0e2fc3fe5e02217687c7",
                "sha256:4878e667ebabe9b65e785ac8da4d48886fe81193a84bbe49f12acff8f7a383a4",
                "sha256:487c8e61d7acc50b8be82bda8c8d21d20e133c3cbf41bd8ad7eb1aaeb3f07c97",
                "sha256:4beea0f31491bc086991b97517b9683e5cfb369205dac0148ef685ac12a20a67",
                "sha256:4cfbe42c686f33944e12f45a27d25a492cc0e43e1dc1da5d6a87cbcaf2e95627",
                "sha256:4d5bae0a37af799207140652a700f21a85946f107a199bcb06720b13a4f1f0b7",
                "sha256:4e285b5f2bf321fc0857b491b5028c5f276ec0c873b985d58d7748ece1d770dd",
                "sha256:57e4d637258703d14171b54203fd6822fda218c6c2658a7d30816b10995f29f3",
                "sha256:5974895115737a74a00b321e339b9c3f45c20275d226398ae79ac008d908bff7",
                "sha256:5ef87fca280fb15342726bd5f980f6faf8b84a5287fcc2d4962ea8af88b35130",
                "sha256:603a464c2e67d8a546ddaa206d98e3246e5db05594b97db844c2f0a1af37cf5b",
                "sha256:6653071f4f9bac46fbc30f3c7838b0e9063ee335908c5d61fb7a4a86c8fd2036",
                "sha256:6ca2264f341dd81e41f3fffecec6e446aa2121e0b8d026fb5130e02de1402785",
                "sha256:6d279033bf614953c3fc4a0aa9ac33a21e8044ca72d4fa8b9273fe75359d5cca",
                "sha256:6d949f53ad4fc7cf02c44d6678e7ff05ec5f5552b235b9e136bd52e9bf730b91",
                "sha256:6daa662aba22ef3258934105be2dd9afa5bb45748f4f702a3b39a5bf53a1f4dc",
                "sha256:6eafc048ea3f1b3c136c71a86db393be36b5b3d9c87b1c25204e7d397cee9536",
                "sha256:830c88747dce8a3e7525defa68afd742b4580df6aa2fdd6f0855481e3994d391",
                "sha256:86e92728ef3fc842c50a5cb1d5ba2bc66db7da08a7af53fb3da79e202d1b2cd3",
                "sha256:8caf4d16b31961e964c62194ea3e26a0e9561cdf72eecb1781458b67ec83423d",
                "sha256:8d1a92d8e90b286d491e5626af53afef2ba04da33e82e30744795c71880eaa21",
                "sha256:8f0a4d179c9a941eb80c3a63cdb495e539e064f8054230844dcf2fcb812b71d3",
                "sha256:9232b09f5efee6a495a99ae6824881940d6447debe272ea400c02e3b68aad85d",
                "sha256:927a9dd016d6033bc12e0bf5dee1dde140235fc8d0d51099353c76081c03dc29",
                "sha256:93e414e3206779ef41e5ff2448067213febf260ba747fc65389a3ddaa3fb8715",
                "sha256:98cafc618614d72b02185ac583c6f7796202062c41d2eeecdf07820bad3295ed",
                "sha256:9c3a88d20e4fe4a2a4a84bf439a5ac9c9aba400b85244c63a1ab7088f85d9d25",
                "sha256:9f36de4cd0c262dd9927886cc2305aa3f2210db437aa4fed3fb4940b8bf4592c",
                "sha256:a60f90bba4c37962cbf210f0188ecca87daafdf60271f4c6948606e4dabf8785",
                "sha256:a614e4afed58c14254e67862456d212c4dcceebab2eaa44d627c2ca04bf86837",
                "sha256:ae06c1e4bc60ee076292e582a7512f304abdf6c70db59b56745cca1684f875a4",
                "sha256:b122a188cd292c4d2fcd78d04f863b789ef43aa129b233d7c9004de08693728b",
                "sha256:b570da8cd0012f4af9fa76a5635cd31f707473e65a5a335b186069d5c7121ff2",
                "sha256:bcaa1c495ce623966d9fc8a187da80082334236a2a1c7e141763ffaf7a405067",
                "sha256:bd34f6d1810d9354dc7e35158aa6cc33456be7706df4420819af6ed966e85448",
                "sha256:be9eb06489bc975c38706902cbc6888f39e946b81383abc2838d186f0e8b6a9d",
                "sha256:c4b2e0559b68455c085fb0f6178e9752c4be3bba104d6e881eb5573b399d1eb2",
                "sha256:c62e8dd9754b7debda0c5ba59d34509c4688f853588d75b53c3791983faa96fc",
                "sha256:c852b1530083a620cb0de5f3cd6826f19862bafeaf77586f1aef326e49d95f0c",
                "sha256:d9fc0bf3ff86c17348dfc5d322f627d78273eba545db865c3cd14b3f19e57fa5",
                "sha256:dad7b164905d3e534883281c050180afcf1e230c3d4a54e8038aa5cfcf312b84",
                "sha256:e5f66bdf0976ec667fc4594d2812a00b07ed14d1b44259d19a41ae3fff99f2b8",
                "sha256:e8f0c9d65da595cfe91713bc1222af9ecabd37971762cb830dea2fc3b3bb2acf",
                "sha256:edffbe3c510d8f4bf8640e02ca019e48a9b72357318383ca60e3330c23aaffc7",
                "sha256:eea5d6443b093e1545ad0210e6cf27f920482bfcf5c77cdc8596aec73523bb7e",
                "sha256:ef72013e20dd5ba86a8ae1aed7f56f31d3374189aa8b433e7b12ad182c0d2dfb",
                "sha256:f05251bbc2145349b8d0b77c0d4e5f3b228418807b1ee27cefb11f69ed3d233b",
                "sha256:f1be258c4d3dc609e654a1dc59d37b17d7fef05df912c01fc2e15eb43a9735f3",
                "sha256:f9ced82717c7ec65a67667bb05865ffe38af0e835cdd78728f1209c8fffe0cad",
                "sha256:fe17d10b97fdf58155f858606bddb4e037b805a60ae023c009f760d8361a4eb8",
                "sha256:fe749b052bb7233fe5d072fcb549221a8cb1a16725c47c37e42b0b9cb3ff2c3f"
            ],
            "index": "pypi",
            "version": "==4.9.1"
        },
        "lz4": {
            "hashes": [
                "sha256:083b7172c2938412ae37c3a090250bfdd9e4a6e855442594f86c3608ed12729b",
                "sha256:154e6e9f58a7bafc4d2a1395160305b78fc82fa708bfa58cf0ad977c443d1f8f",
                "sha256:1bd56282f6993e013ccf7f6edf1530c2a13d1662741e2be072349c7f70bc0682",
                "sha256:1ed9a1875dc2a489f3b665d0211984689d0e76585e55650b044a64dbd2d22992",
                "sha256:345608de23b4d68fbdef373f1e53d6c5abd99a062d4ff922e3350f47775ab123",
                "sha256:35e6caced0229b90151d31d9cf1eaa541e597f8021bf5b70ff9e6374e3e43b23",
                "sha256:3881573c3db902db370e072eb64b40c7c8289b94b2a731e051858cc198f890e8",
                "sha256:3fa0f000d8ce39e643e9e5c49fc4d1985156ffb177e3123a0f22551f5864841b",
                "sha256:439898dd4176a724243002003c3f733eb6ce48a5988175f54c8560e0b100b7a6",
                "sha256:4cfa82f26b4f1835c797bd70e5ce20d5f1ee897b9a0c53e62d607f9029f521ce",
                "sha256:56ea660097fec87f0c6746146b316775037f8dd886a4c5915360e5b32b7112d0",
                "sha256:5fe9db7627674875e4279c2ed50b1e38fb91ec3093347f871ed996e58edbb488",
                "sha256:61dbcca64e8e1655e06b588356c4b2515bccc1d7e84065f858a685abd96f0cf2",
                "sha256:6f3b3670f52f0871885258bcbc746f483760434336f0bc5581f161cc5d4b0c9a",
                "sha256:9d141719d3cbb7933809642a61b68b8f595ddf85657016521756ddcf826b85cd",
                "sha256:a8e02c2477bd704f43113ac8dd966c361187383591388818d74e1b73e4674759",
                "sha256:d2b18a6d6d9071c03dbf9e30bbe22e4476f24f1a4d73b1e975605ad3ce725e6c",
                "sha256:ea2c2182a5b0ad03f33ac09db0925a1738a1d65751a3e058110bd900c643d359",
                "sha256:ed86ab22bfe1f4cd4fc983704134a8fdf746c1121a398f8f14cbd014c1a5b0ae",
                "sha256:ee73357412c5505f6ba0ea61ff71455e2e4c1e04d8e60f17f3cd937261d773fa",
                "sha256:fba1730cd2327a9d013192a9878714cc82f4877d2ada556222d03ea6428a80ed"
            ],
            "index": "pypi",
            "version": "==4.0.2"
        },
        "markupsafe": {
            "hashes": [
                "sha256:0212a68688482dc52b2d45013df70d169f542b7394fc744c02a57374a4207003",
                "sha256:089cf3dbf0cd6c100f02945abeb18484bd1ee57a079aefd52cffd17fba910b88",
                "sha256:10c1bfff05d95783da83491be968e8fe789263689c02724e0c691933c52994f5",
                "sha256:33b74d289bd2f5e527beadcaa3f401e0df0a89927c1559c8566c066fa4248ab7",
                "sha256:3799351e2336dc91ea70b034983ee71cf2f9533cdff7c14c90ea126bfd95d65a",
                "sha256:3ce11ee3f23f79dbd06fb3d63e2f6af7b12db1d46932fe7bd8afa259a5996603",
                "sha256:421be9fbf0ffe9ffd7a378aafebbf6f4602d564d34be190fc19a193232fd12b1",
                "sha256:43093fb83d8343aac0b1baa75516da6092f58f41200907ef92448ecab8825135",
                "sha256:46d00d6cfecdde84d40e572d63735ef81423ad31184100411e6e3388d405e247",
                "sha256:4a33dea2b688b3190ee12bd7cfa29d39c9ed176bda40bfa11099a3ce5d3a7ac6",
                "sha256:4b9fe39a2ccc108a4accc2676e77da025ce383c108593d65cc909add5c3bd601",
                "sha256:56442863ed2b06d19c37f94d999035e15ee982988920e12a5b4ba29b62ad1f77",
                "sha256:671cd1187ed5e62818414afe79ed29da836dde67166a9fac6d435873c44fdd02",
                "sha256:694deca8d702d5db21ec83983ce0bb4b26a578e71fbdbd4fdcd387daa90e4d5e",
                "sha256:6a074d34ee7a5ce3effbc526b7083ec9731bb3cbf921bbe1d3005d4d2bdb3a63",
                "sha256:6d0072fea50feec76a4c418096652f2c3238eaa014b2f94aeb1d56a66b41403f",
                "sha256:6fbf47b5d3728c6aea2abb0589b5d30459e369baa772e0f37a0320185e87c980",
                "sha256:7f91197cc9e48f989d12e4e6fbc46495c446636dfc81b9ccf50bb0ec74b91d4b",
                "sha256:86b1f75c4e7c2ac2ccdaec2b9022845dbb81880ca318bb7a0a01fbf7813e3812",
                "sha256:8dc1c72a69aa7e082593c4a203dcf94ddb74bb5c8a731e4e1eb68d031e8498ff",
                "sha256:8e3dcf21f367459434c18e71b2a9532d96547aef8a871872a5bd69a715c15f96",
                "sha256:8e576a51ad59e4bfaac456023a78f6b5e6e7651dcd383bcc3e18d06f9b55d6d1",
                "sha256:96e37a3dc86e80bf81758c152fe66dbf60ed5eca3d26305edf01892257049925",
                "sha256:97a68e6ada378df82bc9f16b800ab77cbf4b2fada0081794318520138c088e4a",
                "sha256:99a2a507ed3ac881b975a2976d59f38c19386d128e7a9a18b7df6fff1fd4c1d6",
                "sha256:a49907dd8420c5685cfa064a1335b6754b74541bbb3706c259c02ed65b644b3e",
                "sha256:b09bf97215625a311f669476f44b8b318b075847b49316d3e28c08e41a7a573f",
                "sha256:b7bd98b796e2b6553da7225aeb61f447f80a1ca64f41d83612e6139ca5213aa4",
                "sha256:b87db4360013327109564f0e591bd2a3b318547bcef31b468a92ee504d07ae4f",
                "sha256:bcb3ed405ed3222f9904899563d6fc492ff75cce56cba05e32eff40e6acbeaa3",
                "sha256:d4306c36ca495956b6d568d276ac11fdd9c30a36f1b6eb928070dc5360b22e1c",
                "sha256:d5ee4f386140395a2c818d149221149c54849dfcfcb9f1debfe07a8b8bd63f9a",
                "sha256:dda30ba7e87fbbb7eab1ec9f58678558fd9a6b8b853530e176eabd064da81417",
                "sha256:e04e26803c9c3851c931eac40c695602c6295b8d432cbe78609649ad9bd2da8a",
                "sha256:e1c0b87e09fa55a220f058d1d49d3fb8df88fbfab58558f1198e08c1e1de842a",
                "sha256:e72591e9ecd94d7feb70c1cbd7be7b3ebea3f548870aa91e2732960fa4d57a37",
                "sha256:e8c843bbcda3a2f1e3c2ab25913c80a3c5376cd00c6e8c4a86a89a28c8dc5452",
                "sha256:efc1913fd2ca4f334418481c7e595c00aad186563bbc1ec76067848c7ca0a933",
                "sha256:f121a1420d4e173a5d96e47e9a0c0dcff965afdf1626d28de1460815f7c4ee7a",
                "sha256:fc7b548b17d238737688817ab67deebb30e8073c95749d55538ed473130ec0c7"
            ],
            "markers": "python_version >= '3.7'",
            "version": "==2.1.1"
        },
        "mixbox": {
            "hashes": [
                "sha256:13c618a36967a6906d09e9e5be952656c78279b0e9cb5527e9360416e4d1c057",
                "sha256:170551ec415a0705b3c26c92e3f75fe1cdc95cc7f71f2b6ada4248fb1e96d035"
            ],
            "version": "==1.0.5"
        },
        "netaddr": {
            "hashes": [
                "sha256:9666d0232c32d2656e5e5f8d735f58fd6c7457ce52fc21c98d45f2af78f990ac",
                "sha256:d6cc57c7a07b1d9d2e917aa8b36ae8ce61c35ba3fcd1b83ca31c5a0ee2b5a243"
            ],
            "index": "pypi",
            "version": "==0.8.0"
        },
        "ordered-set": {
            "hashes": [
                "sha256:046e1132c71fcf3330438a539928932caf51ddbc582496833e23de611de14562",
                "sha256:694a8e44c87657c59292ede72891eb91d34131f6531463aab3009191c77364a8"
            ],
            "markers": "python_version >= '3.7'",
            "version": "==4.1.0"
        },
        "ordereddict": {
            "hashes": [
                "sha256:1c35b4ac206cef2d24816c89f89cf289dd3d38cf7c449bb3fab7bf6d43f01b1f"
            ],
            "version": "==1.1"
        },
        "orderedmultidict": {
            "hashes": [
                "sha256:04070bbb5e87291cc9bfa51df413677faf2141c73c61d2a5f7b26bea3cd882ad",
                "sha256:43c839a17ee3cdd62234c47deca1a8508a3f2ca1d0678a3bf791c87cf84adbf3"
            ],
            "version": "==1.0.1"
        },
        "python-dateutil": {
            "hashes": [
                "sha256:0123cacc1627ae19ddf3c27a5de5bd67ee4586fbdd6440d9748f8abb483d3e86",
                "sha256:961d03dc3453ebbc59dbdea9e4e11c5651520a876d0f4db161e8674aae935da9"
            ],
            "markers": "python_version >= '2.7' and python_version not in '3.0, 3.1, 3.2, 3.3'",
            "version": "==2.8.2"
        },
        "pytz": {
            "hashes": [
                "sha256:220f481bdafa09c3955dfbdddb7b57780e9a94f5127e35456a48589b9e0c0197",
                "sha256:cea221417204f2d1a2aa03ddae3e867921971d0d76f14d87abb4414415bbdcf5"
            ],
            "index": "pypi",
            "version": "==2022.2.1"
        },
        "requests": {
            "hashes": [
                "sha256:7c5599b102feddaa661c826c56ab4fee28bfd17f5abca1ebbe3e7f19d7c97983",
                "sha256:8fefa2a1a1365bf5520aac41836fbee479da67864514bdb821f31ce07ce65349"
            ],
            "markers": "python_version >= '3.7' and python_version < '4'",
            "version": "==2.28.1"
        },
        "setuptools": {
            "hashes": [
                "sha256:35ab7fd3bcd95e6b7fd704e4a1539513edad446c097797f2985e0e4b960772f2",
                "sha256:d59a21b17a275fb872a9c3dae73963160ae079f1049ed956880cd7c09b120538"
            ],
            "markers": "python_version >= '3.8'",
            "version": "==75.1.0"
        },
        "six": {
            "hashes": [
                "sha256:1e61c37477a1626458e36f7b1d82aa5c9b094fa4802892072e49de9c60c4c926",
                "sha256:8abb2f1d86890a2dfb989f9a77cfcfd3e47c2a354b01111771326f8aa26e0254"
            ],
            "markers": "python_version >= '2.7' and python_version not in '3.0, 3.1, 3.2, 3.3'",
            "version": "==1.16.0"
        },
        "stix": {
            "hashes": [
                "sha256:a3825e34781d491ac3526111f053db85a2be4549e0c8ce56e05e5eeb5f495e53",
                "sha256:b23a1ca70227e17f42cd0a9f109737f321175f6fe97be5cb24fd4d189dbb1601"
            ],
            "index": "pypi",
            "version": "==1.2.0.11"
        },
        "stix-validator": {
            "hashes": [
                "sha256:b3de3eb55b36dfec82f27ad1fa51c2794631bd0033968daf5dab0621015064fa",
                "sha256:c12c33b1695459f03d861ac1e1b5d1474f6fc9a35d50e92c877da4d38607b321"
            ],
            "index": "pypi",
            "version": "==2.5.1"
        },
        "urllib3": {
            "hashes": [
                "sha256:c33ccba33c819596124764c23a97d25f32b28433ba0dedeb77d873a38722c9bc",
                "sha256:ea6e8fb210b19d950fab93b60c9009226c63a28808bc8386e05301e25883ac0a"
            ],
            "markers": "python_version >= '2.7' and python_version not in '3.0, 3.1, 3.2, 3.3, 3.4, 3.5' and python_version < '4'",
            "version": "==1.26.11"
        },
        "weakrefmethod": {
            "hashes": [
                "sha256:37bc1fbb5575acf82172d4eb7b6fc4412d77d5a1d70dff2c1f8a4574301cda66"
            ],
            "version": "==1.0.3"
        },
        "werkzeug": {
            "hashes": [
                "sha256:7ea2d48322cc7c0f8b3a215ed73eabd7b5d75d0b50e31ab006286ccff9e00b8f",
                "sha256:f979ab81f58d7318e064e99c4506445d60135ac5cd2e177a2de0089bfd4c9bd5"
            ],
            "index": "pypi",
            "version": "==2.2.2"
        },
        "xlrd": {
            "hashes": [
                "sha256:6a33ee89877bd9abc1158129f6e94be74e2679636b8a205b43b85206c3f0bbdd",
                "sha256:f72f148f54442c6b056bf931dbc34f986fd0c3b0b6b5a58d013c9aef274d0c88"
            ],
            "markers": "python_version >= '2.7' and python_version not in '3.0, 3.1, 3.2, 3.3, 3.4, 3.5'",
            "version": "==2.0.1"
        },
        "zope.event": {
            "hashes": [
                "sha256:2832e95014f4db26c47a13fdaef84cef2f4df37e66b59d8f1f4a8f319a632c26",
                "sha256:bac440d8d9891b4068e2b5a2c5e2c9765a9df762944bda6955f96bb9b91e67cd"
            ],
            "markers": "python_version >= '3.7'",
            "version": "==5.0"
        },
        "zope.interface": {
            "hashes": [
                "sha256:07add15de0cc7e69917f7d286b64d54125c950aeb43efed7a5ea7172f000fbc1",
                "sha256:0ac20581fc6cd7c754f6dff0ae06fedb060fa0e9ea6309d8be8b2701d9ea51c4",
                "sha256:124149e2d42067b9c6597f4dafdc7a0983d0163868f897b7bb5dc850b14f9a87",
                "sha256:27cfb5205d68b12682b6e55ab8424662d96e8ead19550aad0796b08dd2c9a45e",
                "sha256:2a29ac607e970b5576547f0e3589ec156e04de17af42839eedcf478450687317",
                "sha256:2b6a4924f5bad9fe21d99f66a07da60d75696a136162427951ec3cb223a5570d",
                "sha256:2bd9e9f366a5df08ebbdc159f8224904c1c5ce63893984abb76954e6fbe4381a",
                "sha256:3bcff5c09d0215f42ba64b49205a278e44413d9bf9fa688fd9e42bfe472b5f4f",
                "sha256:3f005869a1a05e368965adb2075f97f8ee9a26c61898a9e52a9764d93774f237",
                "sha256:4a00ead2e24c76436e1b457a5132d87f83858330f6c923640b7ef82d668525d1",
                "sha256:4af4a12b459a273b0b34679a5c3dc5e34c1847c3dd14a628aa0668e19e638ea2",
                "sha256:5501e772aff595e3c54266bc1bfc5858e8f38974ce413a8f1044aae0f32a83a3",
                "sha256:5e28ea0bc4b084fc93a483877653a033062435317082cdc6388dec3438309faf",
                "sha256:5e956b1fd7f3448dd5e00f273072e73e50dfafcb35e4227e6d5af208075593c9",
                "sha256:5fcf379b875c610b5a41bc8a891841533f98de0520287d7f85e25386cd10d3e9",
                "sha256:6159e767d224d8f18deff634a1d3722e68d27488c357f62ebeb5f3e2f5288b1f",
                "sha256:661d5df403cd3c5b8699ac480fa7f58047a3253b029db690efa0c3cf209993ef",
                "sha256:711eebc77f2092c6a8b304bad0b81a6ce3cf5490b25574e7309fbc07d881e3af",
                "sha256:80a3c00b35f6170be5454b45abe2719ea65919a2f09e8a6e7b1362312a872cd3",
                "sha256:848b6fa92d7c8143646e64124ed46818a0049a24ecc517958c520081fd147685",
                "sha256:91b6c30689cfd87c8f264acb2fc16ad6b3c72caba2aec1bf189314cf1a84ca33",
                "sha256:9733a9a0f94ef53d7aa64661811b20875b5bc6039034c6e42fb9732170130573",
                "sha256:9940d5bc441f887c5f375ec62bcf7e7e495a2d5b1da97de1184a88fb567f06af",
                "sha256:9e3e48f3dea21c147e1b10c132016cb79af1159facca9736d231694ef5a740a8",
                "sha256:a14c9decf0eb61e0892631271d500c1e306c7b6901c998c7035e194d9150fdd1",
                "sha256:a735f82d2e3ed47ca01a20dfc4c779b966b16352650a8036ab3955aad151ed8a",
                "sha256:a99240b1d02dc469f6afbe7da1bf617645e60290c272968f4e53feec18d7dce8",
                "sha256:b7b25db127db3e6b597c5f74af60309c4ad65acd826f89609662f0dc33a54728",
                "sha256:b936d61dbe29572fd2cfe13e30b925e5383bed1aba867692670f5a2a2eb7b4e9",
                "sha256:bec001798ab62c3fc5447162bf48496ae9fba02edc295a9e10a0b0c639a6452e",
                "sha256:cc8a318162123eddbdf22fcc7b751288ce52e4ad096d3766ff1799244352449d",
                "sha256:d0a45b5af9f72c805ee668d1479480ca85169312211bed6ed18c343e39307d5f",
                "sha256:e53c291debef523b09e1fe3dffe5f35dde164f1c603d77f770b88a1da34b7ed6",
                "sha256:ec1ef1fdb6f014d5886b97e52b16d0f852364f447d2ab0f0c6027765777b6667",
                "sha256:ec59fe53db7d32abb96c6d4efeed84aab4a7c38c62d7a901a9b20c09dd936e7a",
                "sha256:f245d039f72e6f802902375755846f5de1ee1e14c3e8736c078565599bcab621",
                "sha256:ff115ef91c0eeac69cd92daeba36a9d8e14daee445b504eeea2b1c0b55821984"
            ],
            "markers": "python_version >= '3.8'",
            "version": "==7.1.0"
        }
    },
    "develop": {}
}
