{
    "_meta": {
        "hash": {
            "sha256": "9fdbb09525e24215188df82159fffdfbc274f5376bd28468cd043fca3f3ae59d"
        },
        "pipfile-spec": 6,
        "requires": {
            "python_version": "3.9"
        },
        "sources": [
            {
                "name": "pypi",
                "url": "https://pypi.org/simple",
                "verify_ssl": true
            }
        ]
    },
    "default": {
        "certifi": {
            "hashes": [
                "sha256:922820b53db7a7257ffbda3f597266d435245903d80737e34f8a45ff3e3230d8",
                "sha256:bec941d2aa8195e248a60b31ff9f0558284cf01a52591ceda73ea9afffd69fd9"
            ],
            "markers": "python_version >= '3.6'",
            "version": "==2024.8.30"
        },
        "elastic-transport": {
            "hashes": [
                "sha256:9cac4ab5cf9402668cf305ae0b7d93ddc0c7b61461d6d1027850db6da9cc5742",
                "sha256:b5e82ff1679d8c7705a03fd85c7f6ef85d6689721762d41228dd312e34f331fc"
            ],
            "markers": "python_version >= '3.8'",
            "version": "==8.15.1"
        },
        "elasticsearch": {
            "hashes": [
                "sha256:02a0476e98768a30d7926335fc0d305c04fdb928eea1354c6e6040d8c2814569",
                "sha256:40c0d312f8adf8bdc81795bc16a0b546ddf544cb1f90e829a244e4780c4dbfd8"
            ],
            "index": "pypi",
            "markers": "python_version >= '3.8'",
            "version": "==8.15.1"
        },
        "elasticsearch-dsl": {
            "hashes": [
                "sha256:300173a42e256f204d39414f3aa373a726c4b0c1b507df57a78cd1d63ba20485",
                "sha256:bb156cd6240576359440dca4b62183f09e19621e6bb7cc768dfcf8855e26f0a9"
            ],
            "index": "pypi",
            "markers": "python_version >= '3.8'",
            "version": "==8.15.4"
        },
        "opensearch-dsl": {
            "hashes": [
                "sha256:745fd4b05934b764f3ebca0dd9b1e7bd9b5934fcbb6c620d7087d24bcc8241c7",
                "sha256:aee9199b3fee8a572bc476e22be44d8acafbef8f1b777a51fac898623f125b56"
            ],
            "index": "pypi",
            "version": "==1.0.0"
        },
        "opensearch-py": {
            "hashes": [
                "sha256:7d0c41cea61fedc34542be7fb9169931360134cf823c596f719106c3bd8466fe",
                "sha256:cb573546fb373dac8091be9b8eac2ba8da277713eea4b50b4a49ccd30dec25f1"
            ],
            "index": "pypi",
            "version": "==1.1.0"
        },
        "python-dateutil": {
            "hashes": [
                "sha256:37dd54208da7e1cd875388217d5e00ebd4179249f90fb72437e91a35459a0ad3",
                "sha256:a8b2bc7bffae282281c8140a97d3aa9c14da0b136dfe83f850eea9a5f7470427"
            ],
            "markers": "python_version >= '2.7' and python_version not in '3.0, 3.1, 3.2, 3.3'",
            "version": "==2.9.0.post0"
        },
        "six": {
            "hashes": [
                "sha256:1e61c37477a1626458e36f7b1d82aa5c9b094fa4802892072e49de9c60c4c926",
                "sha256:8abb2f1d86890a2dfb989f9a77cfcfd3e47c2a354b01111771326f8aa26e0254"
            ],
            "markers": "python_version >= '2.7' and python_version not in '3.0, 3.1, 3.2, 3.3'",
            "version": "==1.16.0"
        },
        "typing-extensions": {
            "hashes": [
                "sha256:04e5ca0351e0f3f85c6853954072df659d0d13fac324d0072316b67d7794700d",
                "sha256:1a7ead55c7e559dd4dee8856e3a88b41225abfe1ce8df57b7c13915fe121ffb8"
            ],
            "markers": "python_version >= '3.8'",
            "version": "==4.12.2"
        },
        "urllib3": {
            "hashes": [
                "sha256:0ed14ccfbf1c30a9072c7ca157e4319b70d65f623e91e7b32fadb2853431016e",
                "sha256:40c2dc0c681e47eb8f90e7e27bf6ff7df2e677421fd46756da1161c39ca70d32"
            ],
            "markers": "python_version < '3.10'",
            "version": "==1.26.20"
        }
    },
    "develop": {}
}
